
Microsoft Visual Studio Solution File, Format Version 12.00
# Visual Studio Version 16
VisualStudioVersion = 16.0.29728.190
MinimumVisualStudioVersion = 10.0.40219.1
Project("{FAE04EC0-301F-11D3-BF4B-00C04F79EFBC}") = "Project B", "Project B\Project B.csproj", "{841F53A1-29CF-4D1A-BEE2-1DA047282F65}"
EndProject
Project("{2150E333-8FDC-42A3-9474-1A3956D46DE8}") = "Solution Items", "Solution Items", "{0ED4A06C-9B78-4C3F-B421-D18A7F21BFCD}"
EndProject
Global
	GlobalSection(SolutionConfigurationPlatforms) = preSolution
		Debug|Any CPU = Debug|Any CPU
		Release|Any CPU = Release|Any CPU
	EndGlobalSection
	GlobalSection(ProjectConfigurationPlatforms) = postSolution
		{841F53A1-29CF-4D1A-BEE2-1DA047282F65}.Debug|Any CPU.ActiveCfg = Debug|Any CPU
		{841F53A1-29CF-4D1A-BEE2-1DA047282F65}.Debug|Any CPU.Build.0 = Debug|Any CPU
		{841F53A1-29CF-4D1A-BEE2-1DA047282F65}.Release|Any CPU.ActiveCfg = Release|Any CPU
		{841F53A1-29CF-4D1A-BEE2-1DA047282F65}.Release|Any CPU.Build.0 = Release|Any CPU
	EndGlobalSection
	GlobalSection(SolutionProperties) = preSolution
		HideSolutionNode = FALSE
	EndGlobalSection
	GlobalSection(ExtensibilityGlobals) = postSolution
		SolutionGuid = {2A255F22-4838-49FB-A62A-DD9DB0295BFB}
	EndGlobalSection
EndGlobal
